
Microsoft Visual Studio Solution File, Format Version 12.00
# Visual Studio Version 16
VisualStudioVersion = 16.0.31829.152
MinimumVisualStudioVersion = 10.0.40219.1
Project("{888888A0-9F3D-457C-B088-3A5042F75D52}") = "Logo3D", "Logo3D\Logo3D.pyproj", "{77D99AE0-B5C3-4C67-A79E-E7C787FC8A23}"
EndProject
Global
	GlobalSection(SolutionConfigurationPlatforms) = preSolution
		Debug|Any CPU = Debug|Any CPU
		Release|Any CPU = Release|Any CPU
	EndGlobalSection
	GlobalSection(ProjectConfigurationPlatforms) = postSolution
		{77D99AE0-B5C3-4C67-A79E-E7C787FC8A23}.Debug|Any CPU.ActiveCfg = Debug|Any CPU
		{77D99AE0-B5C3-4C67-A79E-E7C787FC8A23}.Release|Any CPU.ActiveCfg = Release|Any CPU
	EndGlobalSection
	GlobalSection(SolutionProperties) = preSolution
		HideSolutionNode = FALSE
	EndGlobalSection
	GlobalSection(ExtensibilityGlobals) = postSolution
		SolutionGuid = {8A5E0AF5-9755-48C3-BF00-CBE45B71D023}
	EndGlobalSection
EndGlobal
